
Microsoft Visual Studio Solution File, Format Version 12.00
# Visual Studio Version 16
VisualStudioVersion = 16.0.32413.511
MinimumVisualStudioVersion = 10.0.40219.1
Project("{FAE04EC0-301F-11D3-BF4B-00C04F79EFBC}") = "PreKolos2", "PreKolos2.csproj", "{AD24A924-CD2C-4507-AB86-4336FDE60ABF}"
EndProject
Global
	GlobalSection(SolutionConfigurationPlatforms) = preSolution
		Debug|Any CPU = Debug|Any CPU
		Release|Any CPU = Release|Any CPU
	EndGlobalSection
	GlobalSection(ProjectConfigurationPlatforms) = postSolution
		{AD24A924-CD2C-4507-AB86-4336FDE60ABF}.Debug|Any CPU.ActiveCfg = Debug|Any CPU
		{AD24A924-CD2C-4507-AB86-4336FDE60ABF}.Debug|Any CPU.Build.0 = Debug|Any CPU
		{AD24A924-CD2C-4507-AB86-4336FDE60ABF}.Release|Any CPU.ActiveCfg = Release|Any CPU
		{AD24A924-CD2C-4507-AB86-4336FDE60ABF}.Release|Any CPU.Build.0 = Release|Any CPU
	EndGlobalSection
	GlobalSection(SolutionProperties) = preSolution
		HideSolutionNode = FALSE
	EndGlobalSection
	GlobalSection(ExtensibilityGlobals) = postSolution
		SolutionGuid = {4E737920-D4C4-4A8D-A5CA-3A17DEA76A0B}
	EndGlobalSection
EndGlobal
